{
    "_meta": {
        "hash": {
            "sha256": "156c96ad7b619725476a39e1ddbe9fe2965e6c28f0ba2e812a30dcf92fe13121"
        },
        "pipfile-spec": 6,
        "requires": {
            "python_version": "3.10"
        },
        "sources": [
            {
                "name": "pypi",
                "url": "https://pypi.org/simple",
                "verify_ssl": true
            }
        ]
    },
    "default": {
        "cql": {
            "hashes": [
                "sha256:7857c16d8aab7b736ab677d1016ef8513dedb64097214ad3a50a6c550cb7d6e0"
            ],
            "index": "pypi",
            "version": "==1.4.0"
        },
        "six": {
            "hashes": [
                "sha256:1e61c37477a1626458e36f7b1d82aa5c9b094fa4802892072e49de9c60c4c926",
                "sha256:8abb2f1d86890a2dfb989f9a77cfcfd3e47c2a354b01111771326f8aa26e0254"
            ],
            "markers": "python_version >= '2.7' and python_version not in '3.0, 3.1, 3.2'",
            "version": "==1.16.0"
        },
        "thrift": {
            "hashes": [
                "sha256:2b5b6488fcded21f9d312aa23c9ff6a0195d0f6ae26ddbd5ad9e3e25dfc14408"
            ],
            "version": "==0.16.0"
        }
    },
    "develop": {}
}
